github.com/fsungfonts/mappings v0.0.0-20251014110529-917ee2c0e6d3 h1:TCulJg6eluHidElR5lsDWUjwZ+VaQblKE1hoZ3o0kYw=
github.com/fsungfonts/mappings v0.0.0-20251014110529-917ee2c0e6d3/go.mod h1:40ljjS30H8R3joBmaMddS8gx80gX0Qbcuqyp5tgHTCM=
github.com/fsungfonts/mappings v0.0.0-20251015054833-288214aa189f h1:8kkoBnB5iEV6bhnW8udX+R0xyrWGuogLyHM9kRiwE8s=
github.com/fsungfonts/mappings v0.0.0-20251015054833-288214aa189f/go.mod h1:40ljjS30H8R3joBmaMddS8gx80gX0Qbcuqyp5tgHTCM=
github.com/fsungfonts/mappings v0.0.0-20251016011010-12238afdd7e6 h1:5YZ5Q6LAuBpd5FKHWd03sr+78nZ8m+4IPgwCKy1VzEc=
github.com/fsungfonts/mappings v0.0.0-20251016011010-12238afdd7e6/go.mod h1:40ljjS30H8R3joBmaMddS8gx80gX0Qbcuqyp5tgHTCM=
github.com/fsungfonts/mappings v0.0.0-20251016022950-296fcd62a363 h1:zQjS9GoNTqf9eGim1TV0DLXweTxySx0C4zfpfsA+SKE=
github.com/fsungfonts/mappings v0.0.0-20251016022950-296fcd62a363/go.mod h1:40ljjS30H8R3joBmaMddS8gx80gX0Qbcuqyp5tgHTCM=
github.com/fsungfonts/mappings v0.0.0-20251016031438-26e5a6259874 h1:H9t6KzlkLpLDaAXjiXZOw9KoE/Ac6EW6GJSYMhRorxE=
github.com/fsungfonts/mappings v0.0.0-20251016031438-26e5a6259874/go.mod h1:40ljjS30H8R3joBmaMddS8gx80gX0Qbcuqyp5tgHTCM=
github.com/fsungfonts/mappings v0.0.0-20251016083531-646c7aaac76b h1:pvf9usOuqhmDPVXOlH6IAYPfPV9sJIx3hW0ASOpPEnY=
github.com/fsungfonts/mappings v0.0.0-20251016083531-646c7aaac76b/go.mod h1:40ljjS30H8R3joBmaMddS8gx80gX0Qbcuqyp5tgHTCM=
github.com/fsungfonts/mappings v0.0.0-20251016103421-d5f29d558448 h1:T0BkbpFokCq/dX63z21GfzUTkwWpRM3z2OVqIob6as8=
github.com/fsungfonts/mappings v0.0.0-20251016103421-d5f29d558448/go.mod h1:40ljjS30H8R3joBmaMddS8gx80gX0Qbcuqyp5tgHTCM=
