github.com/fsungfonts/mappings v0.0.0-20251008093506-3f7bbee6ce89 h1:FcAYZVRzHgChwFjnVGVTYPXsVEmKRZPKm8Ql16DUnsE=
github.com/fsungfonts/mappings v0.0.0-20251008093506-3f7bbee6ce89/go.mod h1:riFUPphxw7+0u0M2tamXDJBD/bQEf5TvQ//28hvdKgg=
github.com/fsungfonts/mappings v0.0.0-20251008122758-3efef86d061c h1:i2B9Yh33h4bxcXzaN/15kvuQxd2Ye8xNzu0uJ6QpAdM=
github.com/fsungfonts/mappings v0.0.0-20251008122758-3efef86d061c/go.mod h1:riFUPphxw7+0u0M2tamXDJBD/bQEf5TvQ//28hvdKgg=
github.com/fsungfonts/mappings v0.0.0-20251008124244-912b58583e83 h1:q5goUh6uLoDPKpYyzXU1Zn5UzoPKNJd829Zmq3aHiMA=
github.com/fsungfonts/mappings v0.0.0-20251008124244-912b58583e83/go.mod h1:riFUPphxw7+0u0M2tamXDJBD/bQEf5TvQ//28hvdKgg=
github.com/fsungfonts/mappings v0.0.0-20251008135016-754ccb4b82ad h1:R9fgqUCsK9I6D5YmQ8GajiQQdPhjwhTmXxeGcdUnrD8=
github.com/fsungfonts/mappings v0.0.0-20251008135016-754ccb4b82ad/go.mod h1:riFUPphxw7+0u0M2tamXDJBD/bQEf5TvQ//28hvdKgg=
